
Microsoft Visual Studio Solution File, Format Version 12.00
# Visual Studio Version 16
VisualStudioVersion = 16.0.30011.22
MinimumVisualStudioVersion = 10.0.40219.1
Project("{9A19103F-16F7-4668-BE54-9A1E7A4F7556}") = "AzureFunctions", "AzureFunctions\AzureFunctions.csproj", "{1BA9736E-2E62-4BCC-AD1D-89AE360CF0B2}"
EndProject
Project("{9A19103F-16F7-4668-BE54-9A1E7A4F7556}") = "NSaga", "NSaga\NSaga.csproj", "{D3290C69-6ECE-4493-A10B-54F6464E6625}"
EndProject
Project("{9A19103F-16F7-4668-BE54-9A1E7A4F7556}") = "PolicyManagementSaga", "PolicyManagementSaga\PolicyManagementSaga.csproj", "{B73EE887-EC4E-4D86-8B4B-7413D97F4EF3}"
EndProject
Project("{9A19103F-16F7-4668-BE54-9A1E7A4F7556}") = "PolicyEntities", "PolicyEntities\PolicyEntities.csproj", "{1203C403-CB66-4A91-8E8E-0D3524EB5D40}"
EndProject
Project("{9A19103F-16F7-4668-BE54-9A1E7A4F7556}") = "PolicyBusiness", "PolicyBusiness\PolicyBusiness.csproj", "{596C4C3E-709B-4D63-BDE7-AE40A1CDDB6E}"
EndProject
Global
	GlobalSection(SolutionConfigurationPlatforms) = preSolution
		Debug|Any CPU = Debug|Any CPU
		Release|Any CPU = Release|Any CPU
	EndGlobalSection
	GlobalSection(ProjectConfigurationPlatforms) = postSolution
		{1BA9736E-2E62-4BCC-AD1D-89AE360CF0B2}.Debug|Any CPU.ActiveCfg = Debug|Any CPU
		{1BA9736E-2E62-4BCC-AD1D-89AE360CF0B2}.Debug|Any CPU.Build.0 = Debug|Any CPU
		{1BA9736E-2E62-4BCC-AD1D-89AE360CF0B2}.Release|Any CPU.ActiveCfg = Release|Any CPU
		{1BA9736E-2E62-4BCC-AD1D-89AE360CF0B2}.Release|Any CPU.Build.0 = Release|Any CPU
		{D3290C69-6ECE-4493-A10B-54F6464E6625}.Debug|Any CPU.ActiveCfg = Debug|Any CPU
		{D3290C69-6ECE-4493-A10B-54F6464E6625}.Debug|Any CPU.Build.0 = Debug|Any CPU
		{D3290C69-6ECE-4493-A10B-54F6464E6625}.Release|Any CPU.ActiveCfg = Release|Any CPU
		{D3290C69-6ECE-4493-A10B-54F6464E6625}.Release|Any CPU.Build.0 = Release|Any CPU
		{B73EE887-EC4E-4D86-8B4B-7413D97F4EF3}.Debug|Any CPU.ActiveCfg = Debug|Any CPU
		{B73EE887-EC4E-4D86-8B4B-7413D97F4EF3}.Debug|Any CPU.Build.0 = Debug|Any CPU
		{B73EE887-EC4E-4D86-8B4B-7413D97F4EF3}.Release|Any CPU.ActiveCfg = Release|Any CPU
		{B73EE887-EC4E-4D86-8B4B-7413D97F4EF3}.Release|Any CPU.Build.0 = Release|Any CPU
		{1203C403-CB66-4A91-8E8E-0D3524EB5D40}.Debug|Any CPU.ActiveCfg = Debug|Any CPU
		{1203C403-CB66-4A91-8E8E-0D3524EB5D40}.Debug|Any CPU.Build.0 = Debug|Any CPU
		{1203C403-CB66-4A91-8E8E-0D3524EB5D40}.Release|Any CPU.ActiveCfg = Release|Any CPU
		{1203C403-CB66-4A91-8E8E-0D3524EB5D40}.Release|Any CPU.Build.0 = Release|Any CPU
		{596C4C3E-709B-4D63-BDE7-AE40A1CDDB6E}.Debug|Any CPU.ActiveCfg = Debug|Any CPU
		{596C4C3E-709B-4D63-BDE7-AE40A1CDDB6E}.Debug|Any CPU.Build.0 = Debug|Any CPU
		{596C4C3E-709B-4D63-BDE7-AE40A1CDDB6E}.Release|Any CPU.ActiveCfg = Release|Any CPU
		{596C4C3E-709B-4D63-BDE7-AE40A1CDDB6E}.Release|Any CPU.Build.0 = Release|Any CPU
	EndGlobalSection
	GlobalSection(SolutionProperties) = preSolution
		HideSolutionNode = FALSE
	EndGlobalSection
	GlobalSection(ExtensibilityGlobals) = postSolution
		SolutionGuid = {9CED8AD2-5043-456E-8903-007B0D929E94}
	EndGlobalSection
EndGlobal
